// !$*UTF8*$!
{
	archiveVersion = 1;
	classes = {
	};
	objectVersion = 55;
	objects = {

/* Begin PBXBuildFile section */
		49B0EF28285A7D2F008113CA /* EventerApp.swift in Sources */ = {isa = PBXBuildFile; fileRef = 49B0EF27285A7D2F008113CA /* EventerApp.swift */; };
		49B0EF2A285A7D2F008113CA /* ContentView.swift in Sources */ = {isa = PBXBuildFile; fileRef = 49B0EF29285A7D2F008113CA /* ContentView.swift */; };
		49B0EF2C285A7D31008113CA /* Assets.xcassets in Resources */ = {isa = PBXBuildFile; fileRef = 49B0EF2B285A7D31008113CA /* Assets.xcassets */; };
		49B0EF2F285A7D31008113CA /* Preview Assets.xcassets in Resources */ = {isa = PBXBuildFile; fileRef = 49B0EF2E285A7D31008113CA /* Preview Assets.xcassets */; };
		49B0EF36285A7DBB008113CA /* GoogleService-Info.plist in Resources */ = {isa = PBXBuildFile; fileRef = 49B0EF35285A7DBB008113CA /* GoogleService-Info.plist */; };
		49B0EF39285A7E44008113CA /* FirebaseAuth in Frameworks */ = {isa = PBXBuildFile; productRef = 49B0EF38285A7E44008113CA /* FirebaseAuth */; };
		49B0EF3B285A7E44008113CA /* FirebaseDatabase in Frameworks */ = {isa = PBXBuildFile; productRef = 49B0EF3A285A7E44008113CA /* FirebaseDatabase */; };
		49B0EF3D285A7E44008113CA /* FirebaseDatabaseSwift in Frameworks */ = {isa = PBXBuildFile; productRef = 49B0EF3C285A7E44008113CA /* FirebaseDatabaseSwift */; };
		49B0EF3F285A7E44008113CA /* FirebaseFirestore in Frameworks */ = {isa = PBXBuildFile; productRef = 49B0EF3E285A7E44008113CA /* FirebaseFirestore */; };
		49B0EF41285A7E44008113CA /* FirebaseFirestoreSwift in Frameworks */ = {isa = PBXBuildFile; productRef = 49B0EF40285A7E44008113CA /* FirebaseFirestoreSwift */; };
		49B0EF43285A7E44008113CA /* FirebaseFunctions in Frameworks */ = {isa = PBXBuildFile; productRef = 49B0EF42285A7E44008113CA /* FirebaseFunctions */; };
		49B0EF45285A7E44008113CA /* FirebaseStorage in Frameworks */ = {isa = PBXBuildFile; productRef = 49B0EF44285A7E44008113CA /* FirebaseStorage */; };
		49B0EF48285A83AC008113CA /* GoogleSignIn in Frameworks */ = {isa = PBXBuildFile; productRef = 49B0EF47285A83AC008113CA /* GoogleSignIn */; };
		49B0EF4A285A83AC008113CA /* GoogleSignInSwift in Frameworks */ = {isa = PBXBuildFile; productRef = 49B0EF49285A83AC008113CA /* GoogleSignInSwift */; };
		49B0EF4D285A8476008113CA /* HomeView.swift in Sources */ = {isa = PBXBuildFile; fileRef = 49B0EF4C285A8476008113CA /* HomeView.swift */; };
		49B0EF4F285A8540008113CA /* LocationView.swift in Sources */ = {isa = PBXBuildFile; fileRef = 49B0EF4E285A8540008113CA /* LocationView.swift */; };
		49B0EF59285A8CF1008113CA /* User.swift in Sources */ = {isa = PBXBuildFile; fileRef = 49B0EF58285A8CF1008113CA /* User.swift */; };
		49B0EF5B285A8D1F008113CA /* ViewModel.swift in Sources */ = {isa = PBXBuildFile; fileRef = 49B0EF5A285A8D1F008113CA /* ViewModel.swift */; };
		49B0EF5D285A8D53008113CA /* AuthenticationViewModel.swift in Sources */ = {isa = PBXBuildFile; fileRef = 49B0EF5C285A8D53008113CA /* AuthenticationViewModel.swift */; };
		49B0EF61285A8DC5008113CA /* GoogleSignInButton.swift in Sources */ = {isa = PBXBuildFile; fileRef = 49B0EF60285A8DC5008113CA /* GoogleSignInButton.swift */; };
		49B0EF63285A8DED008113CA /* LoginView.swift in Sources */ = {isa = PBXBuildFile; fileRef = 49B0EF62285A8DED008113CA /* LoginView.swift */; };
		49B0EF65285A8E0E008113CA /* PendingScreen.swift in Sources */ = {isa = PBXBuildFile; fileRef = 49B0EF64285A8E0E008113CA /* PendingScreen.swift */; };
		49B0EF67285A8E31008113CA /* Registry.swift in Sources */ = {isa = PBXBuildFile; fileRef = 49B0EF66285A8E31008113CA /* Registry.swift */; };
/* End PBXBuildFile section */

/* Begin PBXFileReference section */
		49B0EF24285A7D2F008113CA /* Eventer.app */ = {isa = PBXFileReference; explicitFileType = wrapper.application; includeInIndex = 0; path = Eventer.app; sourceTree = BUILT_PRODUCTS_DIR; };
		49B0EF27285A7D2F008113CA /* EventerApp.swift */ = {isa = PBXFileReference; lastKnownFileType = sourcecode.swift; path = EventerApp.swift; sourceTree = "<group>"; };
		49B0EF29285A7D2F008113CA /* ContentView.swift */ = {isa = PBXFileReference; lastKnownFileType = sourcecode.swift; path = ContentView.swift; sourceTree = "<group>"; };
		49B0EF2B285A7D31008113CA /* Assets.xcassets */ = {isa = PBXFileReference; lastKnownFileType = folder.assetcatalog; path = Assets.xcassets; sourceTree = "<group>"; };
		49B0EF2E285A7D31008113CA /* Preview Assets.xcassets */ = {isa = PBXFileReference; lastKnownFileType = folder.assetcatalog; path = "Preview Assets.xcassets"; sourceTree = "<group>"; };
		49B0EF35285A7DBB008113CA /* GoogleService-Info.plist */ = {isa = PBXFileReference; fileEncoding = 4; lastKnownFileType = text.plist.xml; path = "GoogleService-Info.plist"; sourceTree = "<group>"; };
		49B0EF4C285A8476008113CA /* HomeView.swift */ = {isa = PBXFileReference; lastKnownFileType = sourcecode.swift; path = HomeView.swift; sourceTree = "<group>"; };
		49B0EF4E285A8540008113CA /* LocationView.swift */ = {isa = PBXFileReference; lastKnownFileType = sourcecode.swift; path = LocationView.swift; sourceTree = "<group>"; };
		49B0EF58285A8CF1008113CA /* User.swift */ = {isa = PBXFileReference; lastKnownFileType = sourcecode.swift; path = User.swift; sourceTree = "<group>"; };
		49B0EF5A285A8D1F008113CA /* ViewModel.swift */ = {isa = PBXFileReference; lastKnownFileType = sourcecode.swift; path = ViewModel.swift; sourceTree = "<group>"; };
		49B0EF5C285A8D53008113CA /* AuthenticationViewModel.swift */ = {isa = PBXFileReference; lastKnownFileType = sourcecode.swift; path = AuthenticationViewModel.swift; sourceTree = "<group>"; };
		49B0EF60285A8DC5008113CA /* GoogleSignInButton.swift */ = {isa = PBXFileReference; lastKnownFileType = sourcecode.swift; path = GoogleSignInButton.swift; sourceTree = "<group>"; };
		49B0EF62285A8DED008113CA /* LoginView.swift */ = {isa = PBXFileReference; lastKnownFileType = sourcecode.swift; path = LoginView.swift; sourceTree = "<group>"; };
		49B0EF64285A8E0E008113CA /* PendingScreen.swift */ = {isa = PBXFileReference; lastKnownFileType = sourcecode.swift; path = PendingScreen.swift; sourceTree = "<group>"; };
		49B0EF66285A8E31008113CA /* Registry.swift */ = {isa = PBXFileReference; lastKnownFileType = sourcecode.swift; path = Registry.swift; sourceTree = "<group>"; };
		49B0EF68285A91B1008113CA /* Info.plist */ = {isa = PBXFileReference; lastKnownFileType = text.plist; path = Info.plist; sourceTree = "<group>"; };
/* End PBXFileReference section */

/* Begin PBXFrameworksBuildPhase section */
		49B0EF21285A7D2F008113CA /* Frameworks */ = {
			isa = PBXFrameworksBuildPhase;
			buildActionMask = 2147483647;
			files = (
				49B0EF4A285A83AC008113CA /* GoogleSignInSwift in Frameworks */,
				49B0EF41285A7E44008113CA /* FirebaseFirestoreSwift in Frameworks */,
				49B0EF48285A83AC008113CA /* GoogleSignIn in Frameworks */,
				49B0EF3D285A7E44008113CA /* FirebaseDatabaseSwift in Frameworks */,
				49B0EF3F285A7E44008113CA /* FirebaseFirestore in Frameworks */,
				49B0EF43285A7E44008113CA /* FirebaseFunctions in Frameworks */,
				49B0EF45285A7E44008113CA /* FirebaseStorage in Frameworks */,
				49B0EF3B285A7E44008113CA /* FirebaseDatabase in Frameworks */,
				49B0EF39285A7E44008113CA /* FirebaseAuth in Frameworks */,
			);
			runOnlyForDeploymentPostprocessing = 0;
		};
/* End PBXFrameworksBuildPhase section */

/* Begin PBXGroup section */
		49B0EF1B285A7D2F008113CA = {
			isa = PBXGroup;
			children = (
				49B0EF26285A7D2F008113CA /* Eventer */,
				49B0EF25285A7D2F008113CA /* Products */,
			);
			sourceTree = "<group>";
		};
		49B0EF25285A7D2F008113CA /* Products */ = {
			isa = PBXGroup;
			children = (
				49B0EF24285A7D2F008113CA /* Eventer.app */,
			);
			name = Products;
			sourceTree = "<group>";
		};
		49B0EF26285A7D2F008113CA /* Eventer */ = {
			isa = PBXGroup;
			children = (
				49B0EF54285A8BA1008113CA /* Registry & Login */,
				49B0EF4B285A8419008113CA /* App */,
				49B0EF35285A7DBB008113CA /* GoogleService-Info.plist */,
				49B0EF68285A91B1008113CA /* Info.plist */,
				49B0EF2B285A7D31008113CA /* Assets.xcassets */,
				49B0EF27285A7D2F008113CA /* EventerApp.swift */,
				49B0EF29285A7D2F008113CA /* ContentView.swift */,
				49B0EF2D285A7D31008113CA /* Preview Content */,
			);
			path = Eventer;
			sourceTree = "<group>";
		};
		49B0EF2D285A7D31008113CA /* Preview Content */ = {
			isa = PBXGroup;
			children = (
				49B0EF2E285A7D31008113CA /* Preview Assets.xcassets */,
			);
			path = "Preview Content";
			sourceTree = "<group>";
		};
		49B0EF4B285A8419008113CA /* App */ = {
			isa = PBXGroup;
			children = (
				49B0EF4C285A8476008113CA /* HomeView.swift */,
				49B0EF4E285A8540008113CA /* LocationView.swift */,
			);
			path = App;
			sourceTree = "<group>";
		};
		49B0EF54285A8BA1008113CA /* Registry & Login */ = {
			isa = PBXGroup;
			children = (
				49B0EF57285A8C95008113CA /* Firestore_Tools */,
				49B0EF56285A8C89008113CA /* Screens */,
				49B0EF55285A8C6B008113CA /* Auth_Tools */,
			);
			path = "Registry & Login";
			sourceTree = "<group>";
		};
		49B0EF55285A8C6B008113CA /* Auth_Tools */ = {
			isa = PBXGroup;
			children = (
				49B0EF5C285A8D53008113CA /* AuthenticationViewModel.swift */,
				49B0EF60285A8DC5008113CA /* GoogleSignInButton.swift */,
			);
			path = Auth_Tools;
			sourceTree = "<group>";
		};
		49B0EF56285A8C89008113CA /* Screens */ = {
			isa = PBXGroup;
			children = (
				49B0EF62285A8DED008113CA /* LoginView.swift */,
				49B0EF64285A8E0E008113CA /* PendingScreen.swift */,
				49B0EF66285A8E31008113CA /* Registry.swift */,
			);
			path = Screens;
			sourceTree = "<group>";
		};
		49B0EF57285A8C95008113CA /* Firestore_Tools */ = {
			isa = PBXGroup;
			children = (
				49B0EF58285A8CF1008113CA /* User.swift */,
				49B0EF5A285A8D1F008113CA /* ViewModel.swift */,
			);
			path = Firestore_Tools;
			sourceTree = "<group>";
		};
/* End PBXGroup section */

/* Begin PBXNativeTarget section */
		49B0EF23285A7D2F008113CA /* Eventer */ = {
			isa = PBXNativeTarget;
			buildConfigurationList = 49B0EF32285A7D31008113CA /* Build configuration list for PBXNativeTarget "Eventer" */;
			buildPhases = (
				49B0EF20285A7D2F008113CA /* Sources */,
				49B0EF21285A7D2F008113CA /* Frameworks */,
				49B0EF22285A7D2F008113CA /* Resources */,
			);
			buildRules = (
			);
			dependencies = (
			);
			name = Eventer;
			packageProductDependencies = (
				49B0EF38285A7E44008113CA /* FirebaseAuth */,
				49B0EF3A285A7E44008113CA /* FirebaseDatabase */,
				49B0EF3C285A7E44008113CA /* FirebaseDatabaseSwift */,
				49B0EF3E285A7E44008113CA /* FirebaseFirestore */,
				49B0EF40285A7E44008113CA /* FirebaseFirestoreSwift */,
				49B0EF42285A7E44008113CA /* FirebaseFunctions */,
				49B0EF44285A7E44008113CA /* FirebaseStorage */,
				49B0EF47285A83AC008113CA /* GoogleSignIn */,
				49B0EF49285A83AC008113CA /* GoogleSignInSwift */,
			);
			productName = Eventer;
			productReference = 49B0EF24285A7D2F008113CA /* Eventer.app */;
			productType = "com.apple.product-type.application";
		};
/* End PBXNativeTarget section */

/* Begin PBXProject section */
		49B0EF1C285A7D2F008113CA /* Project object */ = {
			isa = PBXProject;
			attributes = {
				BuildIndependentTargetsInParallel = 1;
				LastSwiftUpdateCheck = 1340;
				LastUpgradeCheck = 1340;
				TargetAttributes = {
					49B0EF23285A7D2F008113CA = {
						CreatedOnToolsVersion = 13.4.1;
					};
				};
			};
			buildConfigurationList = 49B0EF1F285A7D2F008113CA /* Build configuration list for PBXProject "Eventer" */;
			compatibilityVersion = "Xcode 13.0";
			developmentRegion = en;
			hasScannedForEncodings = 0;
			knownRegions = (
				en,
				Base,
			);
			mainGroup = 49B0EF1B285A7D2F008113CA;
			packageReferences = (
				49B0EF37285A7E44008113CA /* XCRemoteSwiftPackageReference "firebase-ios-sdk" */,
				49B0EF46285A83AC008113CA /* XCRemoteSwiftPackageReference "GoogleSignIn-iOS" */,
			);
			productRefGroup = 49B0EF25285A7D2F008113CA /* Products */;
			projectDirPath = "";
			projectRoot = "";
			targets = (
				49B0EF23285A7D2F008113CA /* Eventer */,
			);
		};
/* End PBXProject section */

/* Begin PBXResourcesBuildPhase section */
		49B0EF22285A7D2F008113CA /* Resources */ = {
			isa = PBXResourcesBuildPhase;
			buildActionMask = 2147483647;
			files = (
				49B0EF2F285A7D31008113CA /* Preview Assets.xcassets in Resources */,
				49B0EF2C285A7D31008113CA /* Assets.xcassets in Resources */,
				49B0EF36285A7DBB008113CA /* GoogleService-Info.plist in Resources */,
			);
			runOnlyForDeploymentPostprocessing = 0;
		};
/* End PBXResourcesBuildPhase section */

/* Begin PBXSourcesBuildPhase section */
		49B0EF20285A7D2F008113CA /* Sources */ = {
			isa = PBXSourcesBuildPhase;
			buildActionMask = 2147483647;
			files = (
				49B0EF4D285A8476008113CA /* HomeView.swift in Sources */,
				49B0EF4F285A8540008113CA /* LocationView.swift in Sources */,
				49B0EF5D285A8D53008113CA /* AuthenticationViewModel.swift in Sources */,
				49B0EF67285A8E31008113CA /* Registry.swift in Sources */,
				49B0EF63285A8DED008113CA /* LoginView.swift in Sources */,
				49B0EF2A285A7D2F008113CA /* ContentView.swift in Sources */,
				49B0EF61285A8DC5008113CA /* GoogleSignInButton.swift in Sources */,
				49B0EF59285A8CF1008113CA /* User.swift in Sources */,
				49B0EF65285A8E0E008113CA /* PendingScreen.swift in Sources */,
				49B0EF5B285A8D1F008113CA /* ViewModel.swift in Sources */,
				49B0EF28285A7D2F008113CA /* EventerApp.swift in Sources */,
			);
			runOnlyForDeploymentPostprocessing = 0;
		};
/* End PBXSourcesBuildPhase section */

/* Begin XCBuildConfiguration section */
		49B0EF30285A7D31008113CA /* Debug */ = {
			isa = XCBuildConfiguration;
			buildSettings = {
				ALWAYS_SEARCH_USER_PATHS = NO;
				CLANG_ANALYZER_NONNULL = YES;
				CLANG_ANALYZER_NUMBER_OBJECT_CONVERSION = YES_AGGRESSIVE;
				CLANG_CXX_LANGUAGE_STANDARD = "gnu++17";
				CLANG_ENABLE_MODULES = YES;
				CLANG_ENABLE_OBJC_ARC = YES;
				CLANG_ENABLE_OBJC_WEAK = YES;
				CLANG_WARN_BLOCK_CAPTURE_AUTORELEASING = YES;
				CLANG_WARN_BOOL_CONVERSION = YES;
				CLANG_WARN_COMMA = YES;
				CLANG_WARN_CONSTANT_CONVERSION = YES;
				CLANG_WARN_DEPRECATED_OBJC_IMPLEMENTATIONS = YES;
				CLANG_WARN_DIRECT_OBJC_ISA_USAGE = YES_ERROR;
				CLANG_WARN_DOCUMENTATION_COMMENTS = YES;
				CLANG_WARN_EMPTY_BODY = YES;
				CLANG_WARN_ENUM_CONVERSION = YES;
				CLANG_WARN_INFINITE_RECURSION = YES;
				CLANG_WARN_INT_CONVERSION = YES;
				CLANG_WARN_NON_LITERAL_NULL_CONVERSION = YES;
				CLANG_WARN_OBJC_IMPLICIT_RETAIN_SELF = YES;
				CLANG_WARN_OBJC_LITERAL_CONVERSION = YES;
				CLANG_WARN_OBJC_ROOT_CLASS = YES_ERROR;
				CLANG_WARN_QUOTED_INCLUDE_IN_FRAMEWORK_HEADER = YES;
				CLANG_WARN_RANGE_LOOP_ANALYSIS = YES;
				CLANG_WARN_STRICT_PROTOTYPES = YES;
				CLANG_WARN_SUSPICIOUS_MOVE = YES;
				CLANG_WARN_UNGUARDED_AVAILABILITY = YES_AGGRESSIVE;
				CLANG_WARN_UNREACHABLE_CODE = YES;
				CLANG_WARN__DUPLICATE_METHOD_MATCH = YES;
				COPY_PHASE_STRIP = NO;
				DEBUG_INFORMATION_FORMAT = dwarf;
				ENABLE_STRICT_OBJC_MSGSEND = YES;
				ENABLE_TESTABILITY = YES;
				GCC_C_LANGUAGE_STANDARD = gnu11;
				GCC_DYNAMIC_NO_PIC = NO;
				GCC_NO_COMMON_BLOCKS = YES;
				GCC_OPTIMIZATION_LEVEL = 0;
				GCC_PREPROCESSOR_DEFINITIONS = (
					"DEBUG=1",
					"$(inherited)",
				);
				GCC_WARN_64_TO_32_BIT_CONVERSION = YES;
				GCC_WARN_ABOUT_RETURN_TYPE = YES_ERROR;
				GCC_WARN_UNDECLARED_SELECTOR = YES;
				GCC_WARN_UNINITIALIZED_AUTOS = YES_AGGRESSIVE;
				GCC_WARN_UNUSED_FUNCTION = YES;
				GCC_WARN_UNUSED_VARIABLE = YES;
				IPHONEOS_DEPLOYMENT_TARGET = 15.5;
				MTL_ENABLE_DEBUG_INFO = INCLUDE_SOURCE;
				MTL_FAST_MATH = YES;
				ONLY_ACTIVE_ARCH = YES;
				SDKROOT = iphoneos;
				SWIFT_ACTIVE_COMPILATION_CONDITIONS = DEBUG;
				SWIFT_OPTIMIZATION_LEVEL = "-Onone";
			};
			name = Debug;
		};
		49B0EF31285A7D31008113CA /* Release */ = {
			isa = XCBuildConfiguration;
			buildSettings = {
				ALWAYS_SEARCH_USER_PATHS = NO;
				CLANG_ANALYZER_NONNULL = YES;
				CLANG_ANALYZER_NUMBER_OBJECT_CONVERSION = YES_AGGRESSIVE;
				CLANG_CXX_LANGUAGE_STANDARD = "gnu++17";
				CLANG_ENABLE_MODULES = YES;
				CLANG_ENABLE_OBJC_ARC = YES;
				CLANG_ENABLE_OBJC_WEAK = YES;
				CLANG_WARN_BLOCK_CAPTURE_AUTORELEASING = YES;
				CLANG_WARN_BOOL_CONVERSION = YES;
				CLANG_WARN_COMMA = YES;
				CLANG_WARN_CONSTANT_CONVERSION = YES;
				CLANG_WARN_DEPRECATED_OBJC_IMPLEMENTATIONS = YES;
				CLANG_WARN_DIRECT_OBJC_ISA_USAGE = YES_ERROR;
				CLANG_WARN_DOCUMENTATION_COMMENTS = YES;
				CLANG_WARN_EMPTY_BODY = YES;
				CLANG_WARN_ENUM_CONVERSION = YES;
				CLANG_WARN_INFINITE_RECURSION = YES;
				CLANG_WARN_INT_CONVERSION = YES;
				CLANG_WARN_NON_LITERAL_NULL_CONVERSION = YES;
				CLANG_WARN_OBJC_IMPLICIT_RETAIN_SELF = YES;
				CLANG_WARN_OBJC_LITERAL_CONVERSION = YES;
				CLANG_WARN_OBJC_ROOT_CLASS = YES_ERROR;
				CLANG_WARN_QUOTED_INCLUDE_IN_FRAMEWORK_HEADER = YES;
				CLANG_WARN_RANGE_LOOP_ANALYSIS = YES;
				CLANG_WARN_STRICT_PROTOTYPES = YES;
				CLANG_WARN_SUSPICIOUS_MOVE = YES;
				CLANG_WARN_UNGUARDED_AVAILABILITY = YES_AGGRESSIVE;
				CLANG_WARN_UNREACHABLE_CODE = YES;
				CLANG_WARN__DUPLICATE_METHOD_MATCH = YES;
				COPY_PHASE_STRIP = NO;
				DEBUG_INFORMATION_FORMAT = "dwarf-with-dsym";
				ENABLE_NS_ASSERTIONS = NO;
				ENABLE_STRICT_OBJC_MSGSEND = YES;
				GCC_C_LANGUAGE_STANDARD = gnu11;
				GCC_NO_COMMON_BLOCKS = YES;
				GCC_WARN_64_TO_32_BIT_CONVERSION = YES;
				GCC_WARN_ABOUT_RETURN_TYPE = YES_ERROR;
				GCC_WARN_UNDECLARED_SELECTOR = YES;
				GCC_WARN_UNINITIALIZED_AUTOS = YES_AGGRESSIVE;
				GCC_WARN_UNUSED_FUNCTION = YES;
				GCC_WARN_UNUSED_VARIABLE = YES;
				IPHONEOS_DEPLOYMENT_TARGET = 15.5;
				MTL_ENABLE_DEBUG_INFO = NO;
				MTL_FAST_MATH = YES;
				SDKROOT = iphoneos;
				SWIFT_COMPILATION_MODE = wholemodule;
				SWIFT_OPTIMIZATION_LEVEL = "-O";
				VALIDATE_PRODUCT = YES;
			};
			name = Release;
		};
		49B0EF33285A7D31008113CA /* Debug */ = {
			isa = XCBuildConfiguration;
			buildSettings = {
				ASSETCATALOG_COMPILER_APPICON_NAME = AppIcon;
				ASSETCATALOG_COMPILER_GLOBAL_ACCENT_COLOR_NAME = AccentColor;
				CODE_SIGN_STYLE = Automatic;
				CURRENT_PROJECT_VERSION = 1;
				DEVELOPMENT_ASSET_PATHS = "\"Eventer/Preview Content\"";
				DEVELOPMENT_TEAM = 8D9HCVSSMT;
				ENABLE_PREVIEWS = YES;
				GENERATE_INFOPLIST_FILE = YES;
				INFOPLIST_FILE = Eventer/Info.plist;
				INFOPLIST_KEY_UIApplicationSceneManifest_Generation = YES;
				INFOPLIST_KEY_UIApplicationSupportsIndirectInputEvents = YES;
				INFOPLIST_KEY_UILaunchScreen_Generation = YES;
				INFOPLIST_KEY_UISupportedInterfaceOrientations_iPad = "UIInterfaceOrientationPortrait UIInterfaceOrientationPortraitUpsideDown UIInterfaceOrientationLandscapeLeft UIInterfaceOrientationLandscapeRight";
				INFOPLIST_KEY_UISupportedInterfaceOrientations_iPhone = "UIInterfaceOrientationPortrait UIInterfaceOrientationLandscapeLeft UIInterfaceOrientationLandscapeRight";
				LD_RUNPATH_SEARCH_PATHS = (
					"$(inherited)",
					"@executable_path/Frameworks",
				);
				MARKETING_VERSION = 1.0;
				PRODUCT_BUNDLE_IDENTIFIER = com.456.Eventer;
				PRODUCT_NAME = "$(TARGET_NAME)";
				SWIFT_EMIT_LOC_STRINGS = YES;
				SWIFT_VERSION = 5.0;
				TARGETED_DEVICE_FAMILY = "1,2";
			};
			name = Debug;
		};
		49B0EF34285A7D31008113CA /* Release */ = {
			isa = XCBuildConfiguration;
			buildSettings = {
				ASSETCATALOG_COMPILER_APPICON_NAME = AppIcon;
				ASSETCATALOG_COMPILER_GLOBAL_ACCENT_COLOR_NAME = AccentColor;
				CODE_SIGN_STYLE = Automatic;
				CURRENT_PROJECT_VERSION = 1;
				DEVELOPMENT_ASSET_PATHS = "\"Eventer/Preview Content\"";
				DEVELOPMENT_TEAM = 8D9HCVSSMT;
				ENABLE_PREVIEWS = YES;
				GENERATE_INFOPLIST_FILE = YES;
				INFOPLIST_FILE = Eventer/Info.plist;
				INFOPLIST_KEY_UIApplicationSceneManifest_Generation = YES;
				INFOPLIST_KEY_UIApplicationSupportsIndirectInputEvents = YES;
				INFOPLIST_KEY_UILaunchScreen_Generation = YES;
				INFOPLIST_KEY_UISupportedInterfaceOrientations_iPad = "UIInterfaceOrientationPortrait UIInterfaceOrientationPortraitUpsideDown UIInterfaceOrientationLandscapeLeft UIInterfaceOrientationLandscapeRight";
				INFOPLIST_KEY_UISupportedInterfaceOrientations_iPhone = "UIInterfaceOrientationPortrait UIInterfaceOrientationLandscapeLeft UIInterfaceOrientationLandscapeRight";
				LD_RUNPATH_SEARCH_PATHS = (
					"$(inherited)",
					"@executable_path/Frameworks",
				);
				MARKETING_VERSION = 1.0;
				PRODUCT_BUNDLE_IDENTIFIER = com.456.Eventer;
				PRODUCT_NAME = "$(TARGET_NAME)";
				SWIFT_EMIT_LOC_STRINGS = YES;
				SWIFT_VERSION = 5.0;
				TARGETED_DEVICE_FAMILY = "1,2";
			};
			name = Release;
		};
/* End XCBuildConfiguration section */

/* Begin XCConfigurationList section */
		49B0EF1F285A7D2F008113CA /* Build configuration list for PBXProject "Eventer" */ = {
			isa = XCConfigurationList;
			buildConfigurations = (
				49B0EF30285A7D31008113CA /* Debug */,
				49B0EF31285A7D31008113CA /* Release */,
			);
			defaultConfigurationIsVisible = 0;
			defaultConfigurationName = Release;
		};
		49B0EF32285A7D31008113CA /* Build configuration list for PBXNativeTarget "Eventer" */ = {
			isa = XCConfigurationList;
			buildConfigurations = (
				49B0EF33285A7D31008113CA /* Debug */,
				49B0EF34285A7D31008113CA /* Release */,
			);
			defaultConfigurationIsVisible = 0;
			defaultConfigurationName = Release;
		};
/* End XCConfigurationList section */

/* Begin XCRemoteSwiftPackageReference section */
		49B0EF37285A7E44008113CA /* XCRemoteSwiftPackageReference "firebase-ios-sdk" */ = {
			isa = XCRemoteSwiftPackageReference;
			repositoryURL = "https://github.com/firebase/firebase-ios-sdk";
			requirement = {
				kind = upToNextMajorVersion;
				minimumVersion = 9.0.0;
			};
		};
		49B0EF46285A83AC008113CA /* XCRemoteSwiftPackageReference "GoogleSignIn-iOS" */ = {
			isa = XCRemoteSwiftPackageReference;
			repositoryURL = "https://github.com/google/GoogleSignIn-iOS";
			requirement = {
				branch = main;
				kind = branch;
			};
		};
/* End XCRemoteSwiftPackageReference section */

/* Begin XCSwiftPackageProductDependency section */
		49B0EF38285A7E44008113CA /* FirebaseAuth */ = {
			isa = XCSwiftPackageProductDependency;
			package = 49B0EF37285A7E44008113CA /* XCRemoteSwiftPackageReference "firebase-ios-sdk" */;
			productName = FirebaseAuth;
		};
		49B0EF3A285A7E44008113CA /* FirebaseDatabase */ = {
			isa = XCSwiftPackageProductDependency;
			package = 49B0EF37285A7E44008113CA /* XCRemoteSwiftPackageReference "firebase-ios-sdk" */;
			productName = FirebaseDatabase;
		};
		49B0EF3C285A7E44008113CA /* FirebaseDatabaseSwift */ = {
			isa = XCSwiftPackageProductDependency;
			package = 49B0EF37285A7E44008113CA /* XCRemoteSwiftPackageReference "firebase-ios-sdk" */;
			productName = FirebaseDatabaseSwift;
		};
		49B0EF3E285A7E44008113CA /* FirebaseFirestore */ = {
			isa = XCSwiftPackageProductDependency;
			package = 49B0EF37285A7E44008113CA /* XCRemoteSwiftPackageReference "firebase-ios-sdk" */;
			productName = FirebaseFirestore;
		};
		49B0EF40285A7E44008113CA /* FirebaseFirestoreSwift */ = {
			isa = XCSwiftPackageProductDependency;
			package = 49B0EF37285A7E44008113CA /* XCRemoteSwiftPackageReference "firebase-ios-sdk" */;
			productName = FirebaseFirestoreSwift;
		};
		49B0EF42285A7E44008113CA /* FirebaseFunctions */ = {
			isa = XCSwiftPackageProductDependency;
			package = 49B0EF37285A7E44008113CA /* XCRemoteSwiftPackageReference "firebase-ios-sdk" */;
			productName = FirebaseFunctions;
		};
		49B0EF44285A7E44008113CA /* FirebaseStorage */ = {
			isa = XCSwiftPackageProductDependency;
			package = 49B0EF37285A7E44008113CA /* XCRemoteSwiftPackageReference "firebase-ios-sdk" */;
			productName = FirebaseStorage;
		};
		49B0EF47285A83AC008113CA /* GoogleSignIn */ = {
			isa = XCSwiftPackageProductDependency;
			package = 49B0EF46285A83AC008113CA /* XCRemoteSwiftPackageReference "GoogleSignIn-iOS" */;
			productName = GoogleSignIn;
		};
		49B0EF49285A83AC008113CA /* GoogleSignInSwift */ = {
			isa = XCSwiftPackageProductDependency;
			package = 49B0EF46285A83AC008113CA /* XCRemoteSwiftPackageReference "GoogleSignIn-iOS" */;
			productName = GoogleSignInSwift;
		};
/* End XCSwiftPackageProductDependency section */
	};
	rootObject = 49B0EF1C285A7D2F008113CA /* Project object */;
}
